<Solution>
  <Project Path="Todooo.Android/Todooo.Android.csproj">
    <Deploy />
  </Project>
  <Project Path="Todooo.Browser/Todooo.Browser.csproj" />
  <Project Path="Todooo.Desktop/Todooo.Desktop.csproj" />
  <Project Path="Todooo.iOS/Todooo.iOS.csproj">
    <Deploy />
  </Project>
  <Project Path="Todooo/Todooo.csproj" />
</Solution>
